
Microsoft Visual Studio Solution File, Format Version 12.00
# Visual Studio Version 17
VisualStudioVersion = 17.3.32901.215
MinimumVisualStudioVersion = 10.0.40219.1
Project("{FAE04EC0-301F-11D3-BF4B-00C04F79EFBC}") = "CalculatorLab2", "CalculatorLab2\CalculatorLab2.csproj", "{672FA3F8-3485-403F-AECE-DD0C0257E19E}"
EndProject
Global
	GlobalSection(SolutionConfigurationPlatforms) = preSolution
		Debug|Any CPU = Debug|Any CPU
		Release|Any CPU = Release|Any CPU
	EndGlobalSection
	GlobalSection(ProjectConfigurationPlatforms) = postSolution
		{672FA3F8-3485-403F-AECE-DD0C0257E19E}.Debug|Any CPU.ActiveCfg = Debug|Any CPU
		{672FA3F8-3485-403F-AECE-DD0C0257E19E}.Debug|Any CPU.Build.0 = Debug|Any CPU
		{672FA3F8-3485-403F-AECE-DD0C0257E19E}.Release|Any CPU.ActiveCfg = Release|Any CPU
		{672FA3F8-3485-403F-AECE-DD0C0257E19E}.Release|Any CPU.Build.0 = Release|Any CPU
	EndGlobalSection
	GlobalSection(SolutionProperties) = preSolution
		HideSolutionNode = FALSE
	EndGlobalSection
	GlobalSection(ExtensibilityGlobals) = postSolution
		SolutionGuid = {F32A9AE7-FDDC-460B-BC9F-E648CC74AFED}
	EndGlobalSection
EndGlobal
