
Microsoft Visual Studio Solution File, Format Version 12.00
# Visual Studio Version 17
VisualStudioVersion = 17.3.32901.215
MinimumVisualStudioVersion = 10.0.40219.1
Project("{FAE04EC0-301F-11D3-BF4B-00C04F79EFBC}") = "MyConsumer", "MyConsumer\MyConsumer.csproj", "{FED56B04-1BF8-43CC-BE31-1B22012B37FF}"
EndProject
Global
	GlobalSection(SolutionConfigurationPlatforms) = preSolution
		Debug|Any CPU = Debug|Any CPU
		Release|Any CPU = Release|Any CPU
	EndGlobalSection
	GlobalSection(ProjectConfigurationPlatforms) = postSolution
		{FED56B04-1BF8-43CC-BE31-1B22012B37FF}.Debug|Any CPU.ActiveCfg = Debug|Any CPU
		{FED56B04-1BF8-43CC-BE31-1B22012B37FF}.Debug|Any CPU.Build.0 = Debug|Any CPU
		{FED56B04-1BF8-43CC-BE31-1B22012B37FF}.Release|Any CPU.ActiveCfg = Release|Any CPU
		{FED56B04-1BF8-43CC-BE31-1B22012B37FF}.Release|Any CPU.Build.0 = Release|Any CPU
	EndGlobalSection
	GlobalSection(SolutionProperties) = preSolution
		HideSolutionNode = FALSE
	EndGlobalSection
	GlobalSection(ExtensibilityGlobals) = postSolution
		SolutionGuid = {5CF66E0E-C6A4-4586-B07C-E2A052BE82C7}
	EndGlobalSection
EndGlobal
