
Microsoft Visual Studio Solution File, Format Version 12.00
# Visual Studio Version 17
VisualStudioVersion = 17.3.32901.215
MinimumVisualStudioVersion = 10.0.40219.1
Project("{FAE04EC0-301F-11D3-BF4B-00C04F79EFBC}") = "RestApiLab5", "RestApiLab5\RestApiLab5.csproj", "{DD3D2DF9-A34F-4C0F-B4B7-876F11712BAE}"
EndProject
Global
	GlobalSection(SolutionConfigurationPlatforms) = preSolution
		Debug|Any CPU = Debug|Any CPU
		Release|Any CPU = Release|Any CPU
	EndGlobalSection
	GlobalSection(ProjectConfigurationPlatforms) = postSolution
		{DD3D2DF9-A34F-4C0F-B4B7-876F11712BAE}.Debug|Any CPU.ActiveCfg = Debug|Any CPU
		{DD3D2DF9-A34F-4C0F-B4B7-876F11712BAE}.Debug|Any CPU.Build.0 = Debug|Any CPU
		{DD3D2DF9-A34F-4C0F-B4B7-876F11712BAE}.Release|Any CPU.ActiveCfg = Release|Any CPU
		{DD3D2DF9-A34F-4C0F-B4B7-876F11712BAE}.Release|Any CPU.Build.0 = Release|Any CPU
	EndGlobalSection
	GlobalSection(SolutionProperties) = preSolution
		HideSolutionNode = FALSE
	EndGlobalSection
	GlobalSection(ExtensibilityGlobals) = postSolution
		SolutionGuid = {FC7B786A-8FF9-4ED9-B481-9BEF9B539F6C}
	EndGlobalSection
EndGlobal
